
Microsoft Visual Studio Solution File, Format Version 12.00
# Visual Studio 15
VisualStudioVersion = 15.0.27130.2027
MinimumVisualStudioVersion = 10.0.40219.1
Project("{8BC9CEB8-8B4A-11D0-8D11-00A0C91BC942}") = "Project1", "Project1\Project1.vcxproj", "{DEEA8F45-9CE9-426A-A26E-DB1B2DB46B37}"
EndProject
Global
	GlobalSection(SolutionConfigurationPlatforms) = preSolution
		Debug|x64 = Debug|x64
		Debug|x86 = Debug|x86
		Release|x64 = Release|x64
		Release|x86 = Release|x86
	EndGlobalSection
	GlobalSection(ProjectConfigurationPlatforms) = postSolution
		{DEEA8F45-9CE9-426A-A26E-DB1B2DB46B37}.Debug|x64.ActiveCfg = Debug|x64
		{DEEA8F45-9CE9-426A-A26E-DB1B2DB46B37}.Debug|x64.Build.0 = Debug|x64
		{DEEA8F45-9CE9-426A-A26E-DB1B2DB46B37}.Debug|x86.ActiveCfg = Debug|Win32
		{DEEA8F45-9CE9-426A-A26E-DB1B2DB46B37}.Debug|x86.Build.0 = Debug|Win32
		{DEEA8F45-9CE9-426A-A26E-DB1B2DB46B37}.Release|x64.ActiveCfg = Release|x64
		{DEEA8F45-9CE9-426A-A26E-DB1B2DB46B37}.Release|x64.Build.0 = Release|x64
		{DEEA8F45-9CE9-426A-A26E-DB1B2DB46B37}.Release|x86.ActiveCfg = Release|Win32
		{DEEA8F45-9CE9-426A-A26E-DB1B2DB46B37}.Release|x86.Build.0 = Release|Win32
	EndGlobalSection
	GlobalSection(SolutionProperties) = preSolution
		HideSolutionNode = FALSE
	EndGlobalSection
	GlobalSection(ExtensibilityGlobals) = postSolution
		SolutionGuid = {361B9F6D-FF26-46F3-BDC8-2ADFD473DC3D}
	EndGlobalSection
EndGlobal
